# This file is autogenerated, do not edit; changes may be undone by the next 'dep ensure'.


[[projects]]
  branch = "master"
  name = "github.com/larspensjo/config"
  packages = ["."]
  revision = "b6db95dc6321c46dab9cd53d0c85164a27686aa6"

[[projects]]
  branch = "master"
  name = "github.com/tarm/goserial"
  packages = ["."]
  revision = "b3440c3c63556c3fd67e915be3b92195bc70294a"

[[projects]]
  name = "gopkg.in/yaml.v2"
  packages = ["."]
  revision = "5420a8b6744d3b0345ab293f6fcba19c978f1183"
  version = "v2.2.1"

[solve-meta]
  analyzer-name = "dep"
  analyzer-version = 1
  inputs-digest = "e3321f8fe791c37bcdc008436b134b3e2efb75d2bc71ceac1cd723ef0f4bdfc4"
  solver-name = "gps-cdcl"
  solver-version = 1
